{"version":4,"terraform_version":"1.10.7","serial":1,"lineage":"456df037-3191-4631-a31d-f5a87e9b8598","outputs":{"endpoint_name":{"value":"torchscript-yolo-endpoint","type":"string"},"workspace_id":{"value":"/subscriptions/ea8144c8-6d45-4103-a569-3871a16e422c/resourceGroups/radian7-rg/providers/Microsoft.MachineLearningServices/workspaces/Workspace1","type":"string"}},"resources":[{"mode":"data","type":"azurerm_machine_learning_workspace","name":"ws","provider":"provider[\"registry.opentofu.org/hashicorp/azurerm\"]","instances":[{"schema_version":0,"attributes":{"id":"/subscriptions/ea8144c8-6d45-4103-a569-3871a16e422c/resourceGroups/radian7-rg/providers/Microsoft.MachineLearningServices/workspaces/Workspace1","identity":[{"identity_ids":[],"principal_id":"ae7bd476-f712-4a48-acd9-f321606ae002","tenant_id":"08fcdcc7-ced0-4ff4-be95-0ba6f4b0447b","type":"SystemAssigned"}],"location":"polandcentral","name":"Workspace1","resource_group_name":"radian7-rg","tags":{},"timeouts":null},"sensitive_attributes":[]}]},{"mode":"managed","type":"local_file","name":"deployment_yaml","provider":"provider[\"registry.opentofu.org/hashicorp/local\"]","instances":[{"schema_version":0,"attributes":{"content":"$schema: https://azuremlschemas.azureedge.net/latest/managedOnlineDeployment.schema.json\r\n\r\nname: torchscript-yolo-deploy-1\r\n\r\nmodel: azureml:torchscript-yolo-model:1\r\n\r\ncode_configuration:\r\n  code: ../score\r\n  scoring_script: score.py\r\n\r\nenvironment: azureml://registries/azureml/environments/pytorch-2.2-ubuntu22.04-py310-cpu/labels/latest\r\n\r\ninstance_type: Standard_DS3_v2\r\ninstance_count: 1\r\n\r\nrequest_settings:\r\n  request_timeout_ms: 90000\r\n  max_concurrent_requests_per_instance: 1\r\n\r\nliveness_probe:\r\n  initial_delay: 300\r\n  period: 30\r\n  failure_threshold: 30\r\n\r\nreadiness_probe:\r\n  initial_delay: 300\r\n  period: 30\r\n  failure_threshold: 30\r\n","content_base64":null,"content_base64sha256":"14TwkpQSBMZL6XkQNWch7lJ7aMm9T4RoEbqhzlZa6Xk=","content_base64sha512":"RwaKkvrrhSxd1kvbxPbAdcxuDF4XEa+mghCy+E+cO5Y6mKFtoaaDvUPWbPuNU2G8N7E8k/u8aA9Vn6n+QqtvLg==","content_md5":"31b5b4383fb34d8c7ac60f3dc4c511b1","content_sha1":"af4e6c2cca915e260ee51f11cc8af1626cde3ab8","content_sha256":"d784f092941204c64be97910356721ee527b68c9bd4f846811baa1ce565ae979","content_sha512":"47068a92faeb852c5dd64bdbc4f6c075cc6e0c5e1711afa68210b2f84f9c3b963a98a16da1a683bd43d66cfb8d5361bc37b13c93fbbc680f559fa9fe42ab6f2e","directory_permission":"0777","file_permission":"0777","filename":"./.generated/deployment.yaml","id":"af4e6c2cca915e260ee51f11cc8af1626cde3ab8","sensitive_content":null,"source":null},"sensitive_attributes":[[{"type":"get_attr","value":"sensitive_content"}]]}]},{"mode":"managed","type":"terraform_data","name":"model_registration","provider":"provider[\"terraform.io/builtin/terraform\"]","instances":[{"schema_version":0,"attributes":{"id":"188812c1-517b-4f09-2c69-b21c3d563ed6","input":null,"output":null,"triggers_replace":{"value":"ece217cd3c3ae5c27176643797e9643c","type":"string"}},"sensitive_attributes":[]}]}],"check_results":null}
